
Microsoft Visual Studio Solution File, Format Version 12.00
# Visual Studio Version 16
VisualStudioVersion = 16.0.32002.261
MinimumVisualStudioVersion = 10.0.40219.1
Project("{FAE04EC0-301F-11D3-BF4B-00C04F79EFBC}") = "MatrixGrid", "MatrixGrid.csproj", "{1BA25A1A-0973-4038-9FFD-0BD0B9F4FCBC}"
EndProject
Global
	GlobalSection(SolutionConfigurationPlatforms) = preSolution
		Debug|Any CPU = Debug|Any CPU
		Release|Any CPU = Release|Any CPU
	EndGlobalSection
	GlobalSection(ProjectConfigurationPlatforms) = postSolution
		{1BA25A1A-0973-4038-9FFD-0BD0B9F4FCBC}.Debug|Any CPU.ActiveCfg = Debug|Any CPU
		{1BA25A1A-0973-4038-9FFD-0BD0B9F4FCBC}.Debug|Any CPU.Build.0 = Debug|Any CPU
		{1BA25A1A-0973-4038-9FFD-0BD0B9F4FCBC}.Release|Any CPU.ActiveCfg = Release|Any CPU
		{1BA25A1A-0973-4038-9FFD-0BD0B9F4FCBC}.Release|Any CPU.Build.0 = Release|Any CPU
	EndGlobalSection
	GlobalSection(SolutionProperties) = preSolution
		HideSolutionNode = FALSE
	EndGlobalSection
	GlobalSection(ExtensibilityGlobals) = postSolution
		SolutionGuid = {4742AAD4-BF5B-4B3C-BCF7-3708F5721AF4}
	EndGlobalSection
EndGlobal
